
Microsoft Visual Studio Solution File, Format Version 12.00
# Visual Studio Version 17
VisualStudioVersion = 17.14.36518.9
MinimumVisualStudioVersion = 10.0.40219.1
Project("{FAE04EC0-301F-11D3-BF4B-00C04F79EFBC}") = "Connect2Us3.01", "Connect2Us3.01.csproj", "{E359173F-C624-4058-9BDD-19F0189303ED}"
EndProject
Project("{2150E333-8FDC-42A3-9474-1A3956D46DE8}") = "Seeder", "Seeder", "{16FD9833-08C5-91FA-F090-973D68325300}"
EndProject
Project("{FAE04EC0-301F-11D3-BF4B-00C04F79EFBC}") = "Seeder", "Seeder\Seeder\Seeder.csproj", "{FA737669-3559-4219-905E-EE2815E74699}"
EndProject
Global
	GlobalSection(SolutionConfigurationPlatforms) = preSolution
		Debug|Any CPU = Debug|Any CPU
		Debug|x64 = Debug|x64
		Debug|x86 = Debug|x86
		Release|Any CPU = Release|Any CPU
		Release|x64 = Release|x64
		Release|x86 = Release|x86
	EndGlobalSection
	GlobalSection(ProjectConfigurationPlatforms) = postSolution
		{E359173F-C624-4058-9BDD-19F0189303ED}.Debug|Any CPU.ActiveCfg = Debug|Any CPU
		{E359173F-C624-4058-9BDD-19F0189303ED}.Debug|Any CPU.Build.0 = Debug|Any CPU
		{E359173F-C624-4058-9BDD-19F0189303ED}.Debug|x64.ActiveCfg = Debug|Any CPU
		{E359173F-C624-4058-9BDD-19F0189303ED}.Debug|x64.Build.0 = Debug|Any CPU
		{E359173F-C624-4058-9BDD-19F0189303ED}.Debug|x86.ActiveCfg = Debug|Any CPU
		{E359173F-C624-4058-9BDD-19F0189303ED}.Debug|x86.Build.0 = Debug|Any CPU
		{E359173F-C624-4058-9BDD-19F0189303ED}.Release|Any CPU.ActiveCfg = Release|Any CPU
		{E359173F-C624-4058-9BDD-19F0189303ED}.Release|Any CPU.Build.0 = Release|Any CPU
		{E359173F-C624-4058-9BDD-19F0189303ED}.Release|x64.ActiveCfg = Release|Any CPU
		{E359173F-C624-4058-9BDD-19F0189303ED}.Release|x64.Build.0 = Release|Any CPU
		{E359173F-C624-4058-9BDD-19F0189303ED}.Release|x86.ActiveCfg = Release|Any CPU
		{E359173F-C624-4058-9BDD-19F0189303ED}.Release|x86.Build.0 = Release|Any CPU
		{FA737669-3559-4219-905E-EE2815E74699}.Debug|Any CPU.ActiveCfg = Debug|Any CPU
		{FA737669-3559-4219-905E-EE2815E74699}.Debug|Any CPU.Build.0 = Debug|Any CPU
		{FA737669-3559-4219-905E-EE2815E74699}.Debug|x64.ActiveCfg = Debug|Any CPU
		{FA737669-3559-4219-905E-EE2815E74699}.Debug|x64.Build.0 = Debug|Any CPU
		{FA737669-3559-4219-905E-EE2815E74699}.Debug|x86.ActiveCfg = Debug|Any CPU
		{FA737669-3559-4219-905E-EE2815E74699}.Debug|x86.Build.0 = Debug|Any CPU
		{FA737669-3559-4219-905E-EE2815E74699}.Release|Any CPU.ActiveCfg = Release|Any CPU
		{FA737669-3559-4219-905E-EE2815E74699}.Release|Any CPU.Build.0 = Release|Any CPU
		{FA737669-3559-4219-905E-EE2815E74699}.Release|x64.ActiveCfg = Release|Any CPU
		{FA737669-3559-4219-905E-EE2815E74699}.Release|x64.Build.0 = Release|Any CPU
		{FA737669-3559-4219-905E-EE2815E74699}.Release|x86.ActiveCfg = Release|Any CPU
		{FA737669-3559-4219-905E-EE2815E74699}.Release|x86.Build.0 = Release|Any CPU
	EndGlobalSection
	GlobalSection(SolutionProperties) = preSolution
		HideSolutionNode = FALSE
	EndGlobalSection
	GlobalSection(NestedProjects) = preSolution
		{FA737669-3559-4219-905E-EE2815E74699} = {16FD9833-08C5-91FA-F090-973D68325300}
	EndGlobalSection
	GlobalSection(ExtensibilityGlobals) = postSolution
		SolutionGuid = {E7A653BF-2A6C-46EE-8421-47A18E7E31C0}
	EndGlobalSection
EndGlobal
